
Microsoft Visual Studio Solution File, Format Version 12.00
# Visual Studio 15
VisualStudioVersion = 15.0.26730.12
MinimumVisualStudioVersion = 10.0.40219.1
Project("{FAE04EC0-301F-11D3-BF4B-00C04F79EFBC}") = "SurvivorsGuilt", "SurvivorsGuilt\SurvivorsGuilt.csproj", "{0C13E425-AEE8-43FF-9E50-956132DDEC2A}"
EndProject
Global
	GlobalSection(SolutionConfigurationPlatforms) = preSolution
		Debug|Any CPU = Debug|Any CPU
		Release|Any CPU = Release|Any CPU
	EndGlobalSection
	GlobalSection(ProjectConfigurationPlatforms) = postSolution
		{0C13E425-AEE8-43FF-9E50-956132DDEC2A}.Debug|Any CPU.ActiveCfg = Debug|Any CPU
		{0C13E425-AEE8-43FF-9E50-956132DDEC2A}.Debug|Any CPU.Build.0 = Debug|Any CPU
		{0C13E425-AEE8-43FF-9E50-956132DDEC2A}.Release|Any CPU.ActiveCfg = Release|Any CPU
		{0C13E425-AEE8-43FF-9E50-956132DDEC2A}.Release|Any CPU.Build.0 = Release|Any CPU
	EndGlobalSection
	GlobalSection(SolutionProperties) = preSolution
		HideSolutionNode = FALSE
	EndGlobalSection
	GlobalSection(ExtensibilityGlobals) = postSolution
		SolutionGuid = {17D228B4-C2D8-4EAC-99A5-A22D9AE54F52}
	EndGlobalSection
EndGlobal
